// !$*UTF8*$!
{
	archiveVersion = 1;
	classes = {
	};
	objectVersion = 50;
	objects = {

/* Begin PBXBuildFile section */
		49BEAD6D23739D1D00A13E2E /* main.c in Sources */ = {isa = PBXBuildFile; fileRef = 49BEAD6C23739D1D00A13E2E /* main.c */; };
		49BEAD7A23739DDF00A13E2E /* main.c in Sources */ = {isa = PBXBuildFile; fileRef = 49BEAD7923739DDF00A13E2E /* main.c */; };
/* End PBXBuildFile section */

/* Begin PBXCopyFilesBuildPhase section */
		49BEAD6723739D1D00A13E2E /* CopyFiles */ = {
			isa = PBXCopyFilesBuildPhase;
			buildActionMask = 2147483647;
			dstPath = /usr/share/man/man1/;
			dstSubfolderSpec = 0;
			files = (
			);
			runOnlyForDeploymentPostprocessing = 1;
		};
		49BEAD7523739DDF00A13E2E /* CopyFiles */ = {
			isa = PBXCopyFilesBuildPhase;
			buildActionMask = 2147483647;
			dstPath = /usr/share/man/man1/;
			dstSubfolderSpec = 0;
			files = (
			);
			runOnlyForDeploymentPostprocessing = 1;
		};
/* End PBXCopyFilesBuildPhase section */

/* Begin PBXFileReference section */
		49BEAD6923739D1D00A13E2E /* prog2_20191107_exercise */ = {isa = PBXFileReference; explicitFileType = "compiled.mach-o.executable"; includeInIndex = 0; path = prog2_20191107_exercise; sourceTree = BUILT_PRODUCTS_DIR; };
		49BEAD6C23739D1D00A13E2E /* main.c */ = {isa = PBXFileReference; lastKnownFileType = sourcecode.c.c; path = main.c; sourceTree = "<group>"; };
		49BEAD7723739DDF00A13E2E /* exercise1 */ = {isa = PBXFileReference; explicitFileType = "compiled.mach-o.executable"; includeInIndex = 0; path = exercise1; sourceTree = BUILT_PRODUCTS_DIR; };
		49BEAD7923739DDF00A13E2E /* main.c */ = {isa = PBXFileReference; lastKnownFileType = sourcecode.c.c; path = main.c; sourceTree = "<group>"; };
/* End PBXFileReference section */

/* Begin PBXFrameworksBuildPhase section */
		49BEAD6623739D1D00A13E2E /* Frameworks */ = {
			isa = PBXFrameworksBuildPhase;
			buildActionMask = 2147483647;
			files = (
			);
			runOnlyForDeploymentPostprocessing = 0;
		};
		49BEAD7423739DDF00A13E2E /* Frameworks */ = {
			isa = PBXFrameworksBuildPhase;
			buildActionMask = 2147483647;
			files = (
			);
			runOnlyForDeploymentPostprocessing = 0;
		};
/* End PBXFrameworksBuildPhase section */

/* Begin PBXGroup section */
		49BEAD6023739D1D00A13E2E = {
			isa = PBXGroup;
			children = (
				49BEAD6B23739D1D00A13E2E /* prog2_20191107_exercise */,
				49BEAD7823739DDF00A13E2E /* exercise1 */,
				49BEAD6A23739D1D00A13E2E /* Products */,
			);
			sourceTree = "<group>";
		};
		49BEAD6A23739D1D00A13E2E /* Products */ = {
			isa = PBXGroup;
			children = (
				49BEAD6923739D1D00A13E2E /* prog2_20191107_exercise */,
				49BEAD7723739DDF00A13E2E /* exercise1 */,
			);
			name = Products;
			sourceTree = "<group>";
		};
		49BEAD6B23739D1D00A13E2E /* prog2_20191107_exercise */ = {
			isa = PBXGroup;
			children = (
				49BEAD6C23739D1D00A13E2E /* main.c */,
			);
			path = prog2_20191107_exercise;
			sourceTree = "<group>";
		};
		49BEAD7823739DDF00A13E2E /* exercise1 */ = {
			isa = PBXGroup;
			children = (
				49BEAD7923739DDF00A13E2E /* main.c */,
			);
			path = exercise1;
			sourceTree = "<group>";
		};
/* End PBXGroup section */

/* Begin PBXNativeTarget section */
		49BEAD6823739D1D00A13E2E /* prog2_20191107_exercise */ = {
			isa = PBXNativeTarget;
			buildConfigurationList = 49BEAD7023739D1D00A13E2E /* Build configuration list for PBXNativeTarget "prog2_20191107_exercise" */;
			buildPhases = (
				49BEAD6523739D1D00A13E2E /* Sources */,
				49BEAD6623739D1D00A13E2E /* Frameworks */,
				49BEAD6723739D1D00A13E2E /* CopyFiles */,
			);
			buildRules = (
			);
			dependencies = (
			);
			name = prog2_20191107_exercise;
			productName = prog2_20191107_exercise;
			productReference = 49BEAD6923739D1D00A13E2E /* prog2_20191107_exercise */;
			productType = "com.apple.product-type.tool";
		};
		49BEAD7623739DDF00A13E2E /* exercise1 */ = {
			isa = PBXNativeTarget;
			buildConfigurationList = 49BEAD7B23739DDF00A13E2E /* Build configuration list for PBXNativeTarget "exercise1" */;
			buildPhases = (
				49BEAD7323739DDF00A13E2E /* Sources */,
				49BEAD7423739DDF00A13E2E /* Frameworks */,
				49BEAD7523739DDF00A13E2E /* CopyFiles */,
			);
			buildRules = (
			);
			dependencies = (
			);
			name = exercise1;
			productName = exercise1;
			productReference = 49BEAD7723739DDF00A13E2E /* exercise1 */;
			productType = "com.apple.product-type.tool";
		};
/* End PBXNativeTarget section */

/* Begin PBXProject section */
		49BEAD6123739D1D00A13E2E /* Project object */ = {
			isa = PBXProject;
			attributes = {
				LastUpgradeCheck = 1110;
				ORGANIZATIONNAME = AIT;
				TargetAttributes = {
					49BEAD6823739D1D00A13E2E = {
						CreatedOnToolsVersion = 11.1;
					};
					49BEAD7623739DDF00A13E2E = {
						CreatedOnToolsVersion = 11.1;
					};
				};
			};
			buildConfigurationList = 49BEAD6423739D1D00A13E2E /* Build configuration list for PBXProject "prog2_20191107_exercise" */;
			compatibilityVersion = "Xcode 9.3";
			developmentRegion = en;
			hasScannedForEncodings = 0;
			knownRegions = (
				en,
				Base,
			);
			mainGroup = 49BEAD6023739D1D00A13E2E;
			productRefGroup = 49BEAD6A23739D1D00A13E2E /* Products */;
			projectDirPath = "";
			projectRoot = "";
			targets = (
				49BEAD6823739D1D00A13E2E /* prog2_20191107_exercise */,
				49BEAD7623739DDF00A13E2E /* exercise1 */,
			);
		};
/* End PBXProject section */

/* Begin PBXSourcesBuildPhase section */
		49BEAD6523739D1D00A13E2E /* Sources */ = {
			isa = PBXSourcesBuildPhase;
			buildActionMask = 2147483647;
			files = (
				49BEAD6D23739D1D00A13E2E /* main.c in Sources */,
			);
			runOnlyForDeploymentPostprocessing = 0;
		};
		49BEAD7323739DDF00A13E2E /* Sources */ = {
			isa = PBXSourcesBuildPhase;
			buildActionMask = 2147483647;
			files = (
				49BEAD7A23739DDF00A13E2E /* main.c in Sources */,
			);
			runOnlyForDeploymentPostprocessing = 0;
		};
/* End PBXSourcesBuildPhase section */

/* Begin XCBuildConfiguration section */
		49BEAD6E23739D1D00A13E2E /* Debug */ = {
			isa = XCBuildConfiguration;
			buildSettings = {
				ALWAYS_SEARCH_USER_PATHS = NO;
				CLANG_ANALYZER_NONNULL = YES;
				CLANG_ANALYZER_NUMBER_OBJECT_CONVERSION = YES_AGGRESSIVE;
				CLANG_CXX_LANGUAGE_STANDARD = "gnu++14";
				CLANG_CXX_LIBRARY = "libc++";
				CLANG_ENABLE_MODULES = YES;
				CLANG_ENABLE_OBJC_ARC = YES;
				CLANG_ENABLE_OBJC_WEAK = YES;
				CLANG_WARN_BLOCK_CAPTURE_AUTORELEASING = YES;
				CLANG_WARN_BOOL_CONVERSION = YES;
				CLANG_WARN_COMMA = YES;
				CLANG_WARN_CONSTANT_CONVERSION = YES;
				CLANG_WARN_DEPRECATED_OBJC_IMPLEMENTATIONS = YES;
				CLANG_WARN_DIRECT_OBJC_ISA_USAGE = YES_ERROR;
				CLANG_WARN_DOCUMENTATION_COMMENTS = YES;
				CLANG_WARN_EMPTY_BODY = YES;
				CLANG_WARN_ENUM_CONVERSION = YES;
				CLANG_WARN_INFINITE_RECURSION = YES;
				CLANG_WARN_INT_CONVERSION = YES;
				CLANG_WARN_NON_LITERAL_NULL_CONVERSION = YES;
				CLANG_WARN_OBJC_IMPLICIT_RETAIN_SELF = YES;
				CLANG_WARN_OBJC_LITERAL_CONVERSION = YES;
				CLANG_WARN_OBJC_ROOT_CLASS = YES_ERROR;
				CLANG_WARN_RANGE_LOOP_ANALYSIS = YES;
				CLANG_WARN_STRICT_PROTOTYPES = YES;
				CLANG_WARN_SUSPICIOUS_MOVE = YES;
				CLANG_WARN_UNGUARDED_AVAILABILITY = YES_AGGRESSIVE;
				CLANG_WARN_UNREACHABLE_CODE = YES;
				CLANG_WARN__DUPLICATE_METHOD_MATCH = YES;
				COPY_PHASE_STRIP = NO;
				DEBUG_INFORMATION_FORMAT = dwarf;
				ENABLE_STRICT_OBJC_MSGSEND = YES;
				ENABLE_TESTABILITY = YES;
				GCC_C_LANGUAGE_STANDARD = gnu11;
				GCC_DYNAMIC_NO_PIC = NO;
				GCC_NO_COMMON_BLOCKS = YES;
				GCC_OPTIMIZATION_LEVEL = 0;
				GCC_PREPROCESSOR_DEFINITIONS = (
					"DEBUG=1",
					"$(inherited)",
				);
				GCC_WARN_64_TO_32_BIT_CONVERSION = YES;
				GCC_WARN_ABOUT_RETURN_TYPE = YES_ERROR;
				GCC_WARN_UNDECLARED_SELECTOR = YES;
				GCC_WARN_UNINITIALIZED_AUTOS = YES_AGGRESSIVE;
				GCC_WARN_UNUSED_FUNCTION = YES;
				GCC_WARN_UNUSED_VARIABLE = YES;
				MACOSX_DEPLOYMENT_TARGET = 10.14;
				MTL_ENABLE_DEBUG_INFO = INCLUDE_SOURCE;
				MTL_FAST_MATH = YES;
				ONLY_ACTIVE_ARCH = YES;
				SDKROOT = macosx;
			};
			name = Debug;
		};
		49BEAD6F23739D1D00A13E2E /* Release */ = {
			isa = XCBuildConfiguration;
			buildSettings = {
				ALWAYS_SEARCH_USER_PATHS = NO;
				CLANG_ANALYZER_NONNULL = YES;
				CLANG_ANALYZER_NUMBER_OBJECT_CONVERSION = YES_AGGRESSIVE;
				CLANG_CXX_LANGUAGE_STANDARD = "gnu++14";
				CLANG_CXX_LIBRARY = "libc++";
				CLANG_ENABLE_MODULES = YES;
				CLANG_ENABLE_OBJC_ARC = YES;
				CLANG_ENABLE_OBJC_WEAK = YES;
				CLANG_WARN_BLOCK_CAPTURE_AUTORELEASING = YES;
				CLANG_WARN_BOOL_CONVERSION = YES;
				CLANG_WARN_COMMA = YES;
				CLANG_WARN_CONSTANT_CONVERSION = YES;
				CLANG_WARN_DEPRECATED_OBJC_IMPLEMENTATIONS = YES;
				CLANG_WARN_DIRECT_OBJC_ISA_USAGE = YES_ERROR;
				CLANG_WARN_DOCUMENTATION_COMMENTS = YES;
				CLANG_WARN_EMPTY_BODY = YES;
				CLANG_WARN_ENUM_CONVERSION = YES;
				CLANG_WARN_INFINITE_RECURSION = YES;
				CLANG_WARN_INT_CONVERSION = YES;
				CLANG_WARN_NON_LITERAL_NULL_CONVERSION = YES;
				CLANG_WARN_OBJC_IMPLICIT_RETAIN_SELF = YES;
				CLANG_WARN_OBJC_LITERAL_CONVERSION = YES;
				CLANG_WARN_OBJC_ROOT_CLASS = YES_ERROR;
				CLANG_WARN_RANGE_LOOP_ANALYSIS = YES;
				CLANG_WARN_STRICT_PROTOTYPES = YES;
				CLANG_WARN_SUSPICIOUS_MOVE = YES;
				CLANG_WARN_UNGUARDED_AVAILABILITY = YES_AGGRESSIVE;
				CLANG_WARN_UNREACHABLE_CODE = YES;
				CLANG_WARN__DUPLICATE_METHOD_MATCH = YES;
				COPY_PHASE_STRIP = NO;
				DEBUG_INFORMATION_FORMAT = "dwarf-with-dsym";
				ENABLE_NS_ASSERTIONS = NO;
				ENABLE_STRICT_OBJC_MSGSEND = YES;
				GCC_C_LANGUAGE_STANDARD = gnu11;
				GCC_NO_COMMON_BLOCKS = YES;
				GCC_WARN_64_TO_32_BIT_CONVERSION = YES;
				GCC_WARN_ABOUT_RETURN_TYPE = YES_ERROR;
				GCC_WARN_UNDECLARED_SELECTOR = YES;
				GCC_WARN_UNINITIALIZED_AUTOS = YES_AGGRESSIVE;
				GCC_WARN_UNUSED_FUNCTION = YES;
				GCC_WARN_UNUSED_VARIABLE = YES;
				MACOSX_DEPLOYMENT_TARGET = 10.14;
				MTL_ENABLE_DEBUG_INFO = NO;
				MTL_FAST_MATH = YES;
				SDKROOT = macosx;
			};
			name = Release;
		};
		49BEAD7123739D1D00A13E2E /* Debug */ = {
			isa = XCBuildConfiguration;
			buildSettings = {
				CODE_SIGN_STYLE = Automatic;
				PRODUCT_NAME = "$(TARGET_NAME)";
			};
			name = Debug;
		};
		49BEAD7223739D1D00A13E2E /* Release */ = {
			isa = XCBuildConfiguration;
			buildSettings = {
				CODE_SIGN_STYLE = Automatic;
				PRODUCT_NAME = "$(TARGET_NAME)";
			};
			name = Release;
		};
		49BEAD7C23739DDF00A13E2E /* Debug */ = {
			isa = XCBuildConfiguration;
			buildSettings = {
				CODE_SIGN_STYLE = Automatic;
				PRODUCT_NAME = "$(TARGET_NAME)";
			};
			name = Debug;
		};
		49BEAD7D23739DDF00A13E2E /* Release */ = {
			isa = XCBuildConfiguration;
			buildSettings = {
				CODE_SIGN_STYLE = Automatic;
				PRODUCT_NAME = "$(TARGET_NAME)";
			};
			name = Release;
		};
/* End XCBuildConfiguration section */

/* Begin XCConfigurationList section */
		49BEAD6423739D1D00A13E2E /* Build configuration list for PBXProject "prog2_20191107_exercise" */ = {
			isa = XCConfigurationList;
			buildConfigurations = (
				49BEAD6E23739D1D00A13E2E /* Debug */,
				49BEAD6F23739D1D00A13E2E /* Release */,
			);
			defaultConfigurationIsVisible = 0;
			defaultConfigurationName = Release;
		};
		49BEAD7023739D1D00A13E2E /* Build configuration list for PBXNativeTarget "prog2_20191107_exercise" */ = {
			isa = XCConfigurationList;
			buildConfigurations = (
				49BEAD7123739D1D00A13E2E /* Debug */,
				49BEAD7223739D1D00A13E2E /* Release */,
			);
			defaultConfigurationIsVisible = 0;
			defaultConfigurationName = Release;
		};
		49BEAD7B23739DDF00A13E2E /* Build configuration list for PBXNativeTarget "exercise1" */ = {
			isa = XCConfigurationList;
			buildConfigurations = (
				49BEAD7C23739DDF00A13E2E /* Debug */,
				49BEAD7D23739DDF00A13E2E /* Release */,
			);
			defaultConfigurationIsVisible = 0;
			defaultConfigurationName = Release;
		};
/* End XCConfigurationList section */
	};
	rootObject = 49BEAD6123739D1D00A13E2E /* Project object */;
}
